// !$*UTF8*$!
{
	archiveVersion = 1;
	classes = {
	};
	objectVersion = 46;
	objects = {

/* Begin PBXBuildFile section */
		A743D8551CBE801B00D14320 /* Invitation.swift in Sources */ = {isa = PBXBuildFile; fileRef = A743D8541CBE801B00D14320 /* Invitation.swift */; };
		A743D8591CBE805A00D14320 /* InvitationRequest.swift in Sources */ = {isa = PBXBuildFile; fileRef = A743D8581CBE805A00D14320 /* InvitationRequest.swift */; };
		A743D85B1CBE861400D14320 /* InvitationListTVC.swift in Sources */ = {isa = PBXBuildFile; fileRef = A743D85A1CBE861400D14320 /* InvitationListTVC.swift */; };
		A743D85D1CBE8BE900D14320 /* InvitationDetailTVC.swift in Sources */ = {isa = PBXBuildFile; fileRef = A743D85C1CBE8BE900D14320 /* InvitationDetailTVC.swift */; };
		A747768B1CBA868D00144226 /* LoginVC.swift in Sources */ = {isa = PBXBuildFile; fileRef = A747768A1CBA868D00144226 /* LoginVC.swift */; };
		A747768E1CBA891900144226 /* User.swift in Sources */ = {isa = PBXBuildFile; fileRef = A747768D1CBA891900144226 /* User.swift */; };
		A74776921CBA8CAE00144226 /* MainTBC.swift in Sources */ = {isa = PBXBuildFile; fileRef = A74776911CBA8CAE00144226 /* MainTBC.swift */; };
		A74776941CBA92E500144226 /* UserProfileTVC.swift in Sources */ = {isa = PBXBuildFile; fileRef = A74776931CBA92E500144226 /* UserProfileTVC.swift */; };
		A74DA6181CBB86D0008AB1C3 /* HTTPRequest.swift in Sources */ = {isa = PBXBuildFile; fileRef = A74DA6171CBB86D0008AB1C3 /* HTTPRequest.swift */; };
		A74DA61A1CBBA670008AB1C3 /* UserRequest.swift in Sources */ = {isa = PBXBuildFile; fileRef = A74DA6191CBBA670008AB1C3 /* UserRequest.swift */; };
		A74F5B281C5676A9006C03CC /* AppDelegate.swift in Sources */ = {isa = PBXBuildFile; fileRef = A74F5B271C5676A9006C03CC /* AppDelegate.swift */; };
		A74F5B2F1C5676A9006C03CC /* Main.storyboard in Resources */ = {isa = PBXBuildFile; fileRef = A74F5B2D1C5676A9006C03CC /* Main.storyboard */; };
		A74F5B311C5676A9006C03CC /* Assets.xcassets in Resources */ = {isa = PBXBuildFile; fileRef = A74F5B301C5676A9006C03CC /* Assets.xcassets */; };
		A74F5B341C5676A9006C03CC /* LaunchScreen.storyboard in Resources */ = {isa = PBXBuildFile; fileRef = A74F5B321C5676A9006C03CC /* LaunchScreen.storyboard */; };
		A77E5B9C1CBFA696003A7D0C /* UserTypeSelectionVC.swift in Sources */ = {isa = PBXBuildFile; fileRef = A77E5B9B1CBFA696003A7D0C /* UserTypeSelectionVC.swift */; };
		A77E5BA01CBFB87A003A7D0C /* RegistrationNVC.swift in Sources */ = {isa = PBXBuildFile; fileRef = A77E5B9F1CBFB87A003A7D0C /* RegistrationNVC.swift */; };
		A77E5BA21CBFB9BF003A7D0C /* UserPersonalInfoVC.swift in Sources */ = {isa = PBXBuildFile; fileRef = A77E5BA11CBFB9BF003A7D0C /* UserPersonalInfoVC.swift */; };
		A77E5BA41CBFBB0A003A7D0C /* UserRegistrationVC.swift in Sources */ = {isa = PBXBuildFile; fileRef = A77E5BA31CBFBB0A003A7D0C /* UserRegistrationVC.swift */; };
		A79FD03A1CCA6F1A001FFEB4 /* Utility.swift in Sources */ = {isa = PBXBuildFile; fileRef = A79FD0391CCA6F1A001FFEB4 /* Utility.swift */; };
		A79FD03C1CCA7F14001FFEB4 /* CreateInvitationTVC.swift in Sources */ = {isa = PBXBuildFile; fileRef = A79FD03B1CCA7F14001FFEB4 /* CreateInvitationTVC.swift */; };
		A7EC55EB1CCBB2AB00A4056B /* UserInvitationsTVC.swift in Sources */ = {isa = PBXBuildFile; fileRef = A7EC55EA1CCBB2AB00A4056B /* UserInvitationsTVC.swift */; };
		A7EC55ED1CCBBEC300A4056B /* CreateJoinRequestVC.swift in Sources */ = {isa = PBXBuildFile; fileRef = A7EC55EC1CCBBEC300A4056B /* CreateJoinRequestVC.swift */; };
		A7EC55EF1CCBCAE100A4056B /* JoinRequest.swift in Sources */ = {isa = PBXBuildFile; fileRef = A7EC55EE1CCBCAE100A4056B /* JoinRequest.swift */; };
		A7EC55F11CCBE87900A4056B /* JoinRequestTVC.swift in Sources */ = {isa = PBXBuildFile; fileRef = A7EC55F01CCBE87900A4056B /* JoinRequestTVC.swift */; };
/* End PBXBuildFile section */

/* Begin PBXFileReference section */
		A743D8541CBE801B00D14320 /* Invitation.swift */ = {isa = PBXFileReference; fileEncoding = 4; lastKnownFileType = sourcecode.swift; path = Invitation.swift; sourceTree = "<group>"; };
		A743D8581CBE805A00D14320 /* InvitationRequest.swift */ = {isa = PBXFileReference; fileEncoding = 4; lastKnownFileType = sourcecode.swift; path = InvitationRequest.swift; sourceTree = "<group>"; };
		A743D85A1CBE861400D14320 /* InvitationListTVC.swift */ = {isa = PBXFileReference; fileEncoding = 4; lastKnownFileType = sourcecode.swift; path = InvitationListTVC.swift; sourceTree = "<group>"; };
		A743D85C1CBE8BE900D14320 /* InvitationDetailTVC.swift */ = {isa = PBXFileReference; fileEncoding = 4; lastKnownFileType = sourcecode.swift; path = InvitationDetailTVC.swift; sourceTree = "<group>"; };
		A747768A1CBA868D00144226 /* LoginVC.swift */ = {isa = PBXFileReference; fileEncoding = 4; lastKnownFileType = sourcecode.swift; path = LoginVC.swift; sourceTree = "<group>"; };
		A747768D1CBA891900144226 /* User.swift */ = {isa = PBXFileReference; fileEncoding = 4; lastKnownFileType = sourcecode.swift; path = User.swift; sourceTree = "<group>"; };
		A74776911CBA8CAE00144226 /* MainTBC.swift */ = {isa = PBXFileReference; fileEncoding = 4; lastKnownFileType = sourcecode.swift; path = MainTBC.swift; sourceTree = "<group>"; };
		A74776931CBA92E500144226 /* UserProfileTVC.swift */ = {isa = PBXFileReference; fileEncoding = 4; lastKnownFileType = sourcecode.swift; path = UserProfileTVC.swift; sourceTree = "<group>"; };
		A74DA6171CBB86D0008AB1C3 /* HTTPRequest.swift */ = {isa = PBXFileReference; fileEncoding = 4; lastKnownFileType = sourcecode.swift; path = HTTPRequest.swift; sourceTree = "<group>"; };
		A74DA6191CBBA670008AB1C3 /* UserRequest.swift */ = {isa = PBXFileReference; fileEncoding = 4; lastKnownFileType = sourcecode.swift; path = UserRequest.swift; sourceTree = "<group>"; };
		A74F5B241C5676A9006C03CC /* Potpourri.app */ = {isa = PBXFileReference; explicitFileType = wrapper.application; includeInIndex = 0; path = Potpourri.app; sourceTree = BUILT_PRODUCTS_DIR; };
		A74F5B271C5676A9006C03CC /* AppDelegate.swift */ = {isa = PBXFileReference; lastKnownFileType = sourcecode.swift; path = AppDelegate.swift; sourceTree = "<group>"; };
		A74F5B2E1C5676A9006C03CC /* Base */ = {isa = PBXFileReference; lastKnownFileType = file.storyboard; name = Base; path = Base.lproj/Main.storyboard; sourceTree = "<group>"; };
		A74F5B301C5676A9006C03CC /* Assets.xcassets */ = {isa = PBXFileReference; lastKnownFileType = folder.assetcatalog; path = Assets.xcassets; sourceTree = "<group>"; };
		A74F5B331C5676A9006C03CC /* Base */ = {isa = PBXFileReference; lastKnownFileType = file.storyboard; name = Base; path = Base.lproj/LaunchScreen.storyboard; sourceTree = "<group>"; };
		A74F5B351C5676A9006C03CC /* Info.plist */ = {isa = PBXFileReference; lastKnownFileType = text.plist.xml; path = Info.plist; sourceTree = "<group>"; };
		A77E5B9B1CBFA696003A7D0C /* UserTypeSelectionVC.swift */ = {isa = PBXFileReference; fileEncoding = 4; lastKnownFileType = sourcecode.swift; path = UserTypeSelectionVC.swift; sourceTree = "<group>"; };
		A77E5B9F1CBFB87A003A7D0C /* RegistrationNVC.swift */ = {isa = PBXFileReference; fileEncoding = 4; lastKnownFileType = sourcecode.swift; path = RegistrationNVC.swift; sourceTree = "<group>"; };
		A77E5BA11CBFB9BF003A7D0C /* UserPersonalInfoVC.swift */ = {isa = PBXFileReference; fileEncoding = 4; lastKnownFileType = sourcecode.swift; path = UserPersonalInfoVC.swift; sourceTree = "<group>"; };
		A77E5BA31CBFBB0A003A7D0C /* UserRegistrationVC.swift */ = {isa = PBXFileReference; fileEncoding = 4; lastKnownFileType = sourcecode.swift; path = UserRegistrationVC.swift; sourceTree = "<group>"; };
		A79FD0391CCA6F1A001FFEB4 /* Utility.swift */ = {isa = PBXFileReference; fileEncoding = 4; lastKnownFileType = sourcecode.swift; path = Utility.swift; sourceTree = "<group>"; };
		A79FD03B1CCA7F14001FFEB4 /* CreateInvitationTVC.swift */ = {isa = PBXFileReference; fileEncoding = 4; lastKnownFileType = sourcecode.swift; path = CreateInvitationTVC.swift; sourceTree = "<group>"; };
		A7EC55EA1CCBB2AB00A4056B /* UserInvitationsTVC.swift */ = {isa = PBXFileReference; fileEncoding = 4; lastKnownFileType = sourcecode.swift; path = UserInvitationsTVC.swift; sourceTree = "<group>"; };
		A7EC55EC1CCBBEC300A4056B /* CreateJoinRequestVC.swift */ = {isa = PBXFileReference; fileEncoding = 4; lastKnownFileType = sourcecode.swift; path = CreateJoinRequestVC.swift; sourceTree = "<group>"; };
		A7EC55EE1CCBCAE100A4056B /* JoinRequest.swift */ = {isa = PBXFileReference; fileEncoding = 4; lastKnownFileType = sourcecode.swift; path = JoinRequest.swift; sourceTree = "<group>"; };
		A7EC55F01CCBE87900A4056B /* JoinRequestTVC.swift */ = {isa = PBXFileReference; fileEncoding = 4; lastKnownFileType = sourcecode.swift; path = JoinRequestTVC.swift; sourceTree = "<group>"; };
/* End PBXFileReference section */

/* Begin PBXFrameworksBuildPhase section */
		A74F5B211C5676A9006C03CC /* Frameworks */ = {
			isa = PBXFrameworksBuildPhase;
			buildActionMask = 2147483647;
			files = (
			);
			runOnlyForDeploymentPostprocessing = 0;
		};
/* End PBXFrameworksBuildPhase section */

/* Begin PBXGroup section */
		A747768C1CBA890C00144226 /* Model */ = {
			isa = PBXGroup;
			children = (
				A747768D1CBA891900144226 /* User.swift */,
				A743D8541CBE801B00D14320 /* Invitation.swift */,
				A74DA6171CBB86D0008AB1C3 /* HTTPRequest.swift */,
				A74DA6191CBBA670008AB1C3 /* UserRequest.swift */,
				A743D8581CBE805A00D14320 /* InvitationRequest.swift */,
				A7EC55EE1CCBCAE100A4056B /* JoinRequest.swift */,
			);
			name = Model;
			sourceTree = "<group>";
		};
		A74F5B1B1C5676A9006C03CC = {
			isa = PBXGroup;
			children = (
				A74F5B261C5676A9006C03CC /* Potpourri */,
				A74F5B251C5676A9006C03CC /* Products */,
			);
			sourceTree = "<group>";
		};
		A74F5B251C5676A9006C03CC /* Products */ = {
			isa = PBXGroup;
			children = (
				A74F5B241C5676A9006C03CC /* Potpourri.app */,
			);
			name = Products;
			sourceTree = "<group>";
		};
		A74F5B261C5676A9006C03CC /* Potpourri */ = {
			isa = PBXGroup;
			children = (
				A77E5B9D1CBFB829003A7D0C /* ViewControllers */,
				A747768C1CBA890C00144226 /* Model */,
				A74F5B271C5676A9006C03CC /* AppDelegate.swift */,
				A74F5B2D1C5676A9006C03CC /* Main.storyboard */,
				A74F5B301C5676A9006C03CC /* Assets.xcassets */,
				A74F5B321C5676A9006C03CC /* LaunchScreen.storyboard */,
				A74F5B351C5676A9006C03CC /* Info.plist */,
				A79FD0391CCA6F1A001FFEB4 /* Utility.swift */,
			);
			path = Potpourri;
			sourceTree = "<group>";
		};
		A77E5B9D1CBFB829003A7D0C /* ViewControllers */ = {
			isa = PBXGroup;
			children = (
				A77E5B9E1CBFB84F003A7D0C /* Registration */,
				A747768A1CBA868D00144226 /* LoginVC.swift */,
				A74776911CBA8CAE00144226 /* MainTBC.swift */,
				A74776931CBA92E500144226 /* UserProfileTVC.swift */,
				A743D85A1CBE861400D14320 /* InvitationListTVC.swift */,
				A743D85C1CBE8BE900D14320 /* InvitationDetailTVC.swift */,
				A79FD03B1CCA7F14001FFEB4 /* CreateInvitationTVC.swift */,
				A7EC55EA1CCBB2AB00A4056B /* UserInvitationsTVC.swift */,
				A7EC55EC1CCBBEC300A4056B /* CreateJoinRequestVC.swift */,
				A7EC55F01CCBE87900A4056B /* JoinRequestTVC.swift */,
			);
			name = ViewControllers;
			sourceTree = "<group>";
		};
		A77E5B9E1CBFB84F003A7D0C /* Registration */ = {
			isa = PBXGroup;
			children = (
				A77E5B9B1CBFA696003A7D0C /* UserTypeSelectionVC.swift */,
				A77E5B9F1CBFB87A003A7D0C /* RegistrationNVC.swift */,
				A77E5BA11CBFB9BF003A7D0C /* UserPersonalInfoVC.swift */,
				A77E5BA31CBFBB0A003A7D0C /* UserRegistrationVC.swift */,
			);
			name = Registration;
			sourceTree = "<group>";
		};
/* End PBXGroup section */

/* Begin PBXNativeTarget section */
		A74F5B231C5676A9006C03CC /* Potpourri */ = {
			isa = PBXNativeTarget;
			buildConfigurationList = A74F5B381C5676A9006C03CC /* Build configuration list for PBXNativeTarget "Potpourri" */;
			buildPhases = (
				A74F5B201C5676A9006C03CC /* Sources */,
				A74F5B211C5676A9006C03CC /* Frameworks */,
				A74F5B221C5676A9006C03CC /* Resources */,
			);
			buildRules = (
			);
			dependencies = (
			);
			name = Potpourri;
			productName = "integrationsproject-incubateion";
			productReference = A74F5B241C5676A9006C03CC /* Potpourri.app */;
			productType = "com.apple.product-type.application";
		};
/* End PBXNativeTarget section */

/* Begin PBXProject section */
		A74F5B1C1C5676A9006C03CC /* Project object */ = {
			isa = PBXProject;
			attributes = {
				LastSwiftUpdateCheck = 0720;
				LastUpgradeCheck = 0720;
				ORGANIZATIONNAME = "Oliver Brehm";
				TargetAttributes = {
					A74F5B231C5676A9006C03CC = {
						CreatedOnToolsVersion = 7.2;
					};
				};
			};
			buildConfigurationList = A74F5B1F1C5676A9006C03CC /* Build configuration list for PBXProject "Potpourri" */;
			compatibilityVersion = "Xcode 3.2";
			developmentRegion = English;
			hasScannedForEncodings = 0;
			knownRegions = (
				en,
				Base,
			);
			mainGroup = A74F5B1B1C5676A9006C03CC;
			productRefGroup = A74F5B251C5676A9006C03CC /* Products */;
			projectDirPath = "";
			projectRoot = "";
			targets = (
				A74F5B231C5676A9006C03CC /* Potpourri */,
			);
		};
/* End PBXProject section */

/* Begin PBXResourcesBuildPhase section */
		A74F5B221C5676A9006C03CC /* Resources */ = {
			isa = PBXResourcesBuildPhase;
			buildActionMask = 2147483647;
			files = (
				A74F5B341C5676A9006C03CC /* LaunchScreen.storyboard in Resources */,
				A74F5B311C5676A9006C03CC /* Assets.xcassets in Resources */,
				A74F5B2F1C5676A9006C03CC /* Main.storyboard in Resources */,
			);
			runOnlyForDeploymentPostprocessing = 0;
		};
/* End PBXResourcesBuildPhase section */

/* Begin PBXSourcesBuildPhase section */
		A74F5B201C5676A9006C03CC /* Sources */ = {
			isa = PBXSourcesBuildPhase;
			buildActionMask = 2147483647;
			files = (
				A743D8551CBE801B00D14320 /* Invitation.swift in Sources */,
				A77E5BA41CBFBB0A003A7D0C /* UserRegistrationVC.swift in Sources */,
				A7EC55F11CCBE87900A4056B /* JoinRequestTVC.swift in Sources */,
				A74F5B281C5676A9006C03CC /* AppDelegate.swift in Sources */,
				A74DA61A1CBBA670008AB1C3 /* UserRequest.swift in Sources */,
				A77E5BA01CBFB87A003A7D0C /* RegistrationNVC.swift in Sources */,
				A7EC55EF1CCBCAE100A4056B /* JoinRequest.swift in Sources */,
				A743D8591CBE805A00D14320 /* InvitationRequest.swift in Sources */,
				A77E5BA21CBFB9BF003A7D0C /* UserPersonalInfoVC.swift in Sources */,
				A743D85B1CBE861400D14320 /* InvitationListTVC.swift in Sources */,
				A743D85D1CBE8BE900D14320 /* InvitationDetailTVC.swift in Sources */,
				A74776921CBA8CAE00144226 /* MainTBC.swift in Sources */,
				A747768B1CBA868D00144226 /* LoginVC.swift in Sources */,
				A7EC55ED1CCBBEC300A4056B /* CreateJoinRequestVC.swift in Sources */,
				A7EC55EB1CCBB2AB00A4056B /* UserInvitationsTVC.swift in Sources */,
				A77E5B9C1CBFA696003A7D0C /* UserTypeSelectionVC.swift in Sources */,
				A79FD03A1CCA6F1A001FFEB4 /* Utility.swift in Sources */,
				A747768E1CBA891900144226 /* User.swift in Sources */,
				A79FD03C1CCA7F14001FFEB4 /* CreateInvitationTVC.swift in Sources */,
				A74DA6181CBB86D0008AB1C3 /* HTTPRequest.swift in Sources */,
				A74776941CBA92E500144226 /* UserProfileTVC.swift in Sources */,
			);
			runOnlyForDeploymentPostprocessing = 0;
		};
/* End PBXSourcesBuildPhase section */

/* Begin PBXVariantGroup section */
		A74F5B2D1C5676A9006C03CC /* Main.storyboard */ = {
			isa = PBXVariantGroup;
			children = (
				A74F5B2E1C5676A9006C03CC /* Base */,
			);
			name = Main.storyboard;
			sourceTree = "<group>";
		};
		A74F5B321C5676A9006C03CC /* LaunchScreen.storyboard */ = {
			isa = PBXVariantGroup;
			children = (
				A74F5B331C5676A9006C03CC /* Base */,
			);
			name = LaunchScreen.storyboard;
			sourceTree = "<group>";
		};
/* End PBXVariantGroup section */

/* Begin XCBuildConfiguration section */
		A74F5B361C5676A9006C03CC /* Debug */ = {
			isa = XCBuildConfiguration;
			buildSettings = {
				ALWAYS_SEARCH_USER_PATHS = NO;
				CLANG_CXX_LANGUAGE_STANDARD = "gnu++0x";
				CLANG_CXX_LIBRARY = "libc++";
				CLANG_ENABLE_MODULES = YES;
				CLANG_ENABLE_OBJC_ARC = YES;
				CLANG_WARN_BOOL_CONVERSION = YES;
				CLANG_WARN_CONSTANT_CONVERSION = YES;
				CLANG_WARN_DIRECT_OBJC_ISA_USAGE = YES_ERROR;
				CLANG_WARN_EMPTY_BODY = YES;
				CLANG_WARN_ENUM_CONVERSION = YES;
				CLANG_WARN_INT_CONVERSION = YES;
				CLANG_WARN_OBJC_ROOT_CLASS = YES_ERROR;
				CLANG_WARN_UNREACHABLE_CODE = YES;
				CLANG_WARN__DUPLICATE_METHOD_MATCH = YES;
				"CODE_SIGN_IDENTITY[sdk=iphoneos*]" = "iPhone Developer";
				COPY_PHASE_STRIP = NO;
				DEBUG_INFORMATION_FORMAT = dwarf;
				ENABLE_STRICT_OBJC_MSGSEND = YES;
				ENABLE_TESTABILITY = YES;
				GCC_C_LANGUAGE_STANDARD = gnu99;
				GCC_DYNAMIC_NO_PIC = NO;
				GCC_NO_COMMON_BLOCKS = YES;
				GCC_OPTIMIZATION_LEVEL = 0;
				GCC_PREPROCESSOR_DEFINITIONS = (
					"DEBUG=1",
					"$(inherited)",
				);
				GCC_WARN_64_TO_32_BIT_CONVERSION = YES;
				GCC_WARN_ABOUT_RETURN_TYPE = YES_ERROR;
				GCC_WARN_UNDECLARED_SELECTOR = YES;
				GCC_WARN_UNINITIALIZED_AUTOS = YES_AGGRESSIVE;
				GCC_WARN_UNUSED_FUNCTION = YES;
				GCC_WARN_UNUSED_VARIABLE = YES;
				IPHONEOS_DEPLOYMENT_TARGET = 9.2;
				MTL_ENABLE_DEBUG_INFO = YES;
				ONLY_ACTIVE_ARCH = YES;
				SDKROOT = iphoneos;
				SWIFT_OPTIMIZATION_LEVEL = "-Onone";
				TARGETED_DEVICE_FAMILY = "1,2";
			};
			name = Debug;
		};
		A74F5B371C5676A9006C03CC /* Release */ = {
			isa = XCBuildConfiguration;
			buildSettings = {
				ALWAYS_SEARCH_USER_PATHS = NO;
				CLANG_CXX_LANGUAGE_STANDARD = "gnu++0x";
				CLANG_CXX_LIBRARY = "libc++";
				CLANG_ENABLE_MODULES = YES;
				CLANG_ENABLE_OBJC_ARC = YES;
				CLANG_WARN_BOOL_CONVERSION = YES;
				CLANG_WARN_CONSTANT_CONVERSION = YES;
				CLANG_WARN_DIRECT_OBJC_ISA_USAGE = YES_ERROR;
				CLANG_WARN_EMPTY_BODY = YES;
				CLANG_WARN_ENUM_CONVERSION = YES;
				CLANG_WARN_INT_CONVERSION = YES;
				CLANG_WARN_OBJC_ROOT_CLASS = YES_ERROR;
				CLANG_WARN_UNREACHABLE_CODE = YES;
				CLANG_WARN__DUPLICATE_METHOD_MATCH = YES;
				"CODE_SIGN_IDENTITY[sdk=iphoneos*]" = "iPhone Developer";
				COPY_PHASE_STRIP = NO;
				DEBUG_INFORMATION_FORMAT = "dwarf-with-dsym";
				ENABLE_NS_ASSERTIONS = NO;
				ENABLE_STRICT_OBJC_MSGSEND = YES;
				GCC_C_LANGUAGE_STANDARD = gnu99;
				GCC_NO_COMMON_BLOCKS = YES;
				GCC_WARN_64_TO_32_BIT_CONVERSION = YES;
				GCC_WARN_ABOUT_RETURN_TYPE = YES_ERROR;
				GCC_WARN_UNDECLARED_SELECTOR = YES;
				GCC_WARN_UNINITIALIZED_AUTOS = YES_AGGRESSIVE;
				GCC_WARN_UNUSED_FUNCTION = YES;
				GCC_WARN_UNUSED_VARIABLE = YES;
				IPHONEOS_DEPLOYMENT_TARGET = 9.2;
				MTL_ENABLE_DEBUG_INFO = NO;
				SDKROOT = iphoneos;
				TARGETED_DEVICE_FAMILY = "1,2";
				VALIDATE_PRODUCT = YES;
			};
			name = Release;
		};
		A74F5B391C5676A9006C03CC /* Debug */ = {
			isa = XCBuildConfiguration;
			buildSettings = {
				ASSETCATALOG_COMPILER_APPICON_NAME = AppIcon;
				INFOPLIST_FILE = "$(SRCROOT)/Potpourri/Info.plist";
				LD_RUNPATH_SEARCH_PATHS = "$(inherited) @executable_path/Frameworks";
				PRODUCT_BUNDLE_IDENTIFIER = "incubation.integrationsproject-incubateion";
				PRODUCT_NAME = "$(TARGET_NAME)";
			};
			name = Debug;
		};
		A74F5B3A1C5676A9006C03CC /* Release */ = {
			isa = XCBuildConfiguration;
			buildSettings = {
				ASSETCATALOG_COMPILER_APPICON_NAME = AppIcon;
				INFOPLIST_FILE = "$(SRCROOT)/Potpourri/Info.plist";
				LD_RUNPATH_SEARCH_PATHS = "$(inherited) @executable_path/Frameworks";
				PRODUCT_BUNDLE_IDENTIFIER = "incubation.integrationsproject-incubateion";
				PRODUCT_NAME = "$(TARGET_NAME)";
			};
			name = Release;
		};
/* End XCBuildConfiguration section */

/* Begin XCConfigurationList section */
		A74F5B1F1C5676A9006C03CC /* Build configuration list for PBXProject "Potpourri" */ = {
			isa = XCConfigurationList;
			buildConfigurations = (
				A74F5B361C5676A9006C03CC /* Debug */,
				A74F5B371C5676A9006C03CC /* Release */,
			);
			defaultConfigurationIsVisible = 0;
			defaultConfigurationName = Release;
		};
		A74F5B381C5676A9006C03CC /* Build configuration list for PBXNativeTarget "Potpourri" */ = {
			isa = XCConfigurationList;
			buildConfigurations = (
				A74F5B391C5676A9006C03CC /* Debug */,
				A74F5B3A1C5676A9006C03CC /* Release */,
			);
			defaultConfigurationIsVisible = 0;
			defaultConfigurationName = Release;
		};
/* End XCConfigurationList section */
	};
	rootObject = A74F5B1C1C5676A9006C03CC /* Project object */;
}
