// !$*UTF8*$!
{
	archiveVersion = 1;
	classes = {
	};
	objectVersion = 46;
	objects = {

/* Begin PBXBuildFile section */
		45A4A4171DB8D098007F1F70 /* QueryJoinRequestAccept.swift in Sources */ = {isa = PBXBuildFile; fileRef = A7BE09FD1DA3A951004DE714 /* QueryJoinRequestAccept.swift */; };
		45A4A4181DB8D098007F1F70 /* QueryJoinRequestList.swift in Sources */ = {isa = PBXBuildFile; fileRef = A7BE09FB1DA3A92B004DE714 /* QueryJoinRequestList.swift */; };
		45A4A4191DB8D098007F1F70 /* Invitation.swift in Sources */ = {isa = PBXBuildFile; fileRef = A743D8541CBE801B00D14320 /* Invitation.swift */; };
		45A4A41A1DB8D098007F1F70 /* QueryInvitationParticipants.swift in Sources */ = {isa = PBXBuildFile; fileRef = A7BE0A0D1DA3ABBD004DE714 /* QueryInvitationParticipants.swift */; };
		45A4A41B1DB8D098007F1F70 /* UserRegistrationVC.swift in Sources */ = {isa = PBXBuildFile; fileRef = A77E5BA31CBFBB0A003A7D0C /* UserRegistrationVC.swift */; };
		45A4A41C1DB8D098007F1F70 /* JoinRequestTVC.swift in Sources */ = {isa = PBXBuildFile; fileRef = A7EC55F01CCBE87900A4056B /* JoinRequestTVC.swift */; };
		45A4A41D1DB8D098007F1F70 /* AppDelegate.swift in Sources */ = {isa = PBXBuildFile; fileRef = A74F5B271C5676A9006C03CC /* AppDelegate.swift */; };
		45A4A41E1DB8D098007F1F70 /* MessageList.swift in Sources */ = {isa = PBXBuildFile; fileRef = A7BE09F11DA3A7CC004DE714 /* MessageList.swift */; };
		45A4A41F1DB8D098007F1F70 /* QueryUserDetail.swift in Sources */ = {isa = PBXBuildFile; fileRef = A74DA6191CBBA670008AB1C3 /* QueryUserDetail.swift */; };
		45A4A4201DB8D098007F1F70 /* QueryInvitationCreate.swift in Sources */ = {isa = PBXBuildFile; fileRef = A7BE0A051DA3A9F8004DE714 /* QueryInvitationCreate.swift */; };
		45A4A4211DB8D098007F1F70 /* QueryInvitationDetail.swift in Sources */ = {isa = PBXBuildFile; fileRef = A7BE0A0F1DA3ABE3004DE714 /* QueryInvitationDetail.swift */; };
		45A4A4221DB8D098007F1F70 /* InvitationList.swift in Sources */ = {isa = PBXBuildFile; fileRef = A7BE09F31DA3A7D7004DE714 /* InvitationList.swift */; };
		45A4A4231DB8D098007F1F70 /* QueryJoinRequestReject.swift in Sources */ = {isa = PBXBuildFile; fileRef = A7BE09FF1DA3A960004DE714 /* QueryJoinRequestReject.swift */; };
		45A4A4241DB8D098007F1F70 /* QueryInvitationDelete.swift in Sources */ = {isa = PBXBuildFile; fileRef = A7BE0A0B1DA3AA4B004DE714 /* QueryInvitationDelete.swift */; };
		45A4A4251DB8D098007F1F70 /* QueryUserLogout.swift in Sources */ = {isa = PBXBuildFile; fileRef = A7BE0A131DA3AF26004DE714 /* QueryUserLogout.swift */; };
		45A4A4261DB8D098007F1F70 /* InvitationCell.swift in Sources */ = {isa = PBXBuildFile; fileRef = A7A9CB6A1D9BE4E3007B76DD /* InvitationCell.swift */; };
		45A4A4271DB8D098007F1F70 /* TableViewStateCell.swift in Sources */ = {isa = PBXBuildFile; fileRef = A768EE0D1D9BDC9000C17148 /* TableViewStateCell.swift */; };
		45A4A4281DB8D098007F1F70 /* MessageEditCell.swift in Sources */ = {isa = PBXBuildFile; fileRef = A7892FA51D9D438800D1B851 /* MessageEditCell.swift */; };
		45A4A4291DB8D098007F1F70 /* Message.swift in Sources */ = {isa = PBXBuildFile; fileRef = A71BDA931D9D0A6D008D6984 /* Message.swift */; };
		45A4A42A1DB8D098007F1F70 /* RegistrationNVC.swift in Sources */ = {isa = PBXBuildFile; fileRef = A77E5B9F1CBFB87A003A7D0C /* RegistrationNVC.swift */; };
		45A4A42B1DB8D098007F1F70 /* JoinRequest.swift in Sources */ = {isa = PBXBuildFile; fileRef = A7EC55EE1CCBCAE100A4056B /* JoinRequest.swift */; };
		45A4A42C1DB8D098007F1F70 /* QueryInvitationList.swift in Sources */ = {isa = PBXBuildFile; fileRef = A743D8581CBE805A00D14320 /* QueryInvitationList.swift */; };
		45A4A42D1DB8D098007F1F70 /* UserPersonalInfoVC.swift in Sources */ = {isa = PBXBuildFile; fileRef = A77E5BA11CBFB9BF003A7D0C /* UserPersonalInfoVC.swift */; };
		45A4A42E1DB8D098007F1F70 /* InvitationListTVC.swift in Sources */ = {isa = PBXBuildFile; fileRef = A743D85A1CBE861400D14320 /* InvitationListTVC.swift */; };
		45A4A42F1DB8D098007F1F70 /* InvitationDetailTVC.swift in Sources */ = {isa = PBXBuildFile; fileRef = A743D85C1CBE8BE900D14320 /* InvitationDetailTVC.swift */; };
		45A4A4301DB8D098007F1F70 /* MainTBC.swift in Sources */ = {isa = PBXBuildFile; fileRef = A74776911CBA8CAE00144226 /* MainTBC.swift */; };
		45A4A4311DB8D098007F1F70 /* QueryInvitationUpdate.swift in Sources */ = {isa = PBXBuildFile; fileRef = A7BE0A091DA3AA29004DE714 /* QueryInvitationUpdate.swift */; };
		45A4A4321DB8D098007F1F70 /* QueryMessageList.swift in Sources */ = {isa = PBXBuildFile; fileRef = A7BE0A011DA3A9A3004DE714 /* QueryMessageList.swift */; };
		45A4A4331DB8D098007F1F70 /* LoginVC.swift in Sources */ = {isa = PBXBuildFile; fileRef = A747768A1CBA868D00144226 /* LoginVC.swift */; };
		45A4A4341DB8D098007F1F70 /* InvitationMessageTVC.swift in Sources */ = {isa = PBXBuildFile; fileRef = A71BDA951D9D288E008D6984 /* InvitationMessageTVC.swift */; };
		45A4A4351DB8D098007F1F70 /* CreateJoinRequestVC.swift in Sources */ = {isa = PBXBuildFile; fileRef = A7EC55EC1CCBBEC300A4056B /* CreateJoinRequestVC.swift */; };
		45A4A4361DB8D098007F1F70 /* UserInvitationsTVC.swift in Sources */ = {isa = PBXBuildFile; fileRef = A7EC55EA1CCBB2AB00A4056B /* UserInvitationsTVC.swift */; };
		45A4A4371DB8D098007F1F70 /* UserTypeSelectionVC.swift in Sources */ = {isa = PBXBuildFile; fileRef = A77E5B9B1CBFA696003A7D0C /* UserTypeSelectionVC.swift */; };
		45A4A4381DB8D098007F1F70 /* QueryUserRegister.swift in Sources */ = {isa = PBXBuildFile; fileRef = A7BE0A151DA3AF33004DE714 /* QueryUserRegister.swift */; };
		45A4A4391DB8D098007F1F70 /* Utility.swift in Sources */ = {isa = PBXBuildFile; fileRef = A79FD0391CCA6F1A001FFEB4 /* Utility.swift */; };
		45A4A43A1DB8D098007F1F70 /* User.swift in Sources */ = {isa = PBXBuildFile; fileRef = A747768D1CBA891900144226 /* User.swift */; };
		45A4A43B1DB8D098007F1F70 /* QueryJoinRequestCreate.swift in Sources */ = {isa = PBXBuildFile; fileRef = A7BE0A071DA3AA10004DE714 /* QueryJoinRequestCreate.swift */; };
		45A4A43C1DB8D098007F1F70 /* QueryMessagePost.swift in Sources */ = {isa = PBXBuildFile; fileRef = A71BDA911D9D06F8008D6984 /* QueryMessagePost.swift */; };
		45A4A43D1DB8D098007F1F70 /* CreateInvitationTVC.swift in Sources */ = {isa = PBXBuildFile; fileRef = A79FD03B1CCA7F14001FFEB4 /* CreateInvitationTVC.swift */; };
		45A4A43E1DB8D098007F1F70 /* Query.swift in Sources */ = {isa = PBXBuildFile; fileRef = A74DA6171CBB86D0008AB1C3 /* Query.swift */; };
		45A4A43F1DB8D098007F1F70 /* QueryUserLogin.swift in Sources */ = {isa = PBXBuildFile; fileRef = A7BE0A111DA3AF1C004DE714 /* QueryUserLogin.swift */; };
		45A4A4401DB8D098007F1F70 /* JoinRequestList.swift in Sources */ = {isa = PBXBuildFile; fileRef = A7BE09F71DA3A83D004DE714 /* JoinRequestList.swift */; };
		45A4A4411DB8D098007F1F70 /* UserProfileTVC.swift in Sources */ = {isa = PBXBuildFile; fileRef = A74776931CBA92E500144226 /* UserProfileTVC.swift */; };
		45A4A4421DB8D098007F1F70 /* MessageCell.swift in Sources */ = {isa = PBXBuildFile; fileRef = A71BDA971D9D2E9D008D6984 /* MessageCell.swift */; };
		45A4A4451DB8D098007F1F70 /* LaunchScreen.storyboard in Resources */ = {isa = PBXBuildFile; fileRef = A74F5B321C5676A9006C03CC /* LaunchScreen.storyboard */; };
		45A4A4461DB8D098007F1F70 /* Assets.xcassets in Resources */ = {isa = PBXBuildFile; fileRef = A74F5B301C5676A9006C03CC /* Assets.xcassets */; };
		45A4A4471DB8D098007F1F70 /* Login.storyboard in Resources */ = {isa = PBXBuildFile; fileRef = A7FFC7C81DA7EEFE007D8CC0 /* Login.storyboard */; };
		45A4A4481DB8D098007F1F70 /* Main.storyboard in Resources */ = {isa = PBXBuildFile; fileRef = A74F5B2D1C5676A9006C03CC /* Main.storyboard */; };
		45A4A4491DB8D098007F1F70 /* Invitation.storyboard in Resources */ = {isa = PBXBuildFile; fileRef = A72681A81DA7F238002703FE /* Invitation.storyboard */; };
		45A4A4501DB8D1A1007F1F70 /* WE sohrab.plist in Resources */ = {isa = PBXBuildFile; fileRef = 45A4A44F1DB8D1A1007F1F70 /* WE sohrab.plist */; };
		A71BDA921D9D06F8008D6984 /* QueryMessagePost.swift in Sources */ = {isa = PBXBuildFile; fileRef = A71BDA911D9D06F8008D6984 /* QueryMessagePost.swift */; };
		A71BDA941D9D0A6D008D6984 /* Message.swift in Sources */ = {isa = PBXBuildFile; fileRef = A71BDA931D9D0A6D008D6984 /* Message.swift */; };
		A71BDA961D9D288E008D6984 /* InvitationMessageTVC.swift in Sources */ = {isa = PBXBuildFile; fileRef = A71BDA951D9D288E008D6984 /* InvitationMessageTVC.swift */; };
		A71BDA981D9D2E9D008D6984 /* MessageCell.swift in Sources */ = {isa = PBXBuildFile; fileRef = A71BDA971D9D2E9D008D6984 /* MessageCell.swift */; };
		A72681A91DA7F238002703FE /* Invitation.storyboard in Resources */ = {isa = PBXBuildFile; fileRef = A72681A81DA7F238002703FE /* Invitation.storyboard */; };
		A743D8551CBE801B00D14320 /* Invitation.swift in Sources */ = {isa = PBXBuildFile; fileRef = A743D8541CBE801B00D14320 /* Invitation.swift */; };
		A743D8591CBE805A00D14320 /* QueryInvitationList.swift in Sources */ = {isa = PBXBuildFile; fileRef = A743D8581CBE805A00D14320 /* QueryInvitationList.swift */; };
		A743D85B1CBE861400D14320 /* InvitationListTVC.swift in Sources */ = {isa = PBXBuildFile; fileRef = A743D85A1CBE861400D14320 /* InvitationListTVC.swift */; };
		A743D85D1CBE8BE900D14320 /* InvitationDetailTVC.swift in Sources */ = {isa = PBXBuildFile; fileRef = A743D85C1CBE8BE900D14320 /* InvitationDetailTVC.swift */; };
		A747768B1CBA868D00144226 /* LoginVC.swift in Sources */ = {isa = PBXBuildFile; fileRef = A747768A1CBA868D00144226 /* LoginVC.swift */; };
		A747768E1CBA891900144226 /* User.swift in Sources */ = {isa = PBXBuildFile; fileRef = A747768D1CBA891900144226 /* User.swift */; };
		A74776921CBA8CAE00144226 /* MainTBC.swift in Sources */ = {isa = PBXBuildFile; fileRef = A74776911CBA8CAE00144226 /* MainTBC.swift */; };
		A74776941CBA92E500144226 /* UserProfileTVC.swift in Sources */ = {isa = PBXBuildFile; fileRef = A74776931CBA92E500144226 /* UserProfileTVC.swift */; };
		A74DA6181CBB86D0008AB1C3 /* Query.swift in Sources */ = {isa = PBXBuildFile; fileRef = A74DA6171CBB86D0008AB1C3 /* Query.swift */; };
		A74DA61A1CBBA670008AB1C3 /* QueryUserDetail.swift in Sources */ = {isa = PBXBuildFile; fileRef = A74DA6191CBBA670008AB1C3 /* QueryUserDetail.swift */; };
		A74F5B281C5676A9006C03CC /* AppDelegate.swift in Sources */ = {isa = PBXBuildFile; fileRef = A74F5B271C5676A9006C03CC /* AppDelegate.swift */; };
		A74F5B2F1C5676A9006C03CC /* Main.storyboard in Resources */ = {isa = PBXBuildFile; fileRef = A74F5B2D1C5676A9006C03CC /* Main.storyboard */; };
		A74F5B311C5676A9006C03CC /* Assets.xcassets in Resources */ = {isa = PBXBuildFile; fileRef = A74F5B301C5676A9006C03CC /* Assets.xcassets */; };
		A74F5B341C5676A9006C03CC /* LaunchScreen.storyboard in Resources */ = {isa = PBXBuildFile; fileRef = A74F5B321C5676A9006C03CC /* LaunchScreen.storyboard */; };
		A768EE0E1D9BDC9000C17148 /* TableViewStateCell.swift in Sources */ = {isa = PBXBuildFile; fileRef = A768EE0D1D9BDC9000C17148 /* TableViewStateCell.swift */; };
		A77E5B9C1CBFA696003A7D0C /* UserTypeSelectionVC.swift in Sources */ = {isa = PBXBuildFile; fileRef = A77E5B9B1CBFA696003A7D0C /* UserTypeSelectionVC.swift */; };
		A77E5BA01CBFB87A003A7D0C /* RegistrationNVC.swift in Sources */ = {isa = PBXBuildFile; fileRef = A77E5B9F1CBFB87A003A7D0C /* RegistrationNVC.swift */; };
		A77E5BA21CBFB9BF003A7D0C /* UserPersonalInfoVC.swift in Sources */ = {isa = PBXBuildFile; fileRef = A77E5BA11CBFB9BF003A7D0C /* UserPersonalInfoVC.swift */; };
		A77E5BA41CBFBB0A003A7D0C /* UserRegistrationVC.swift in Sources */ = {isa = PBXBuildFile; fileRef = A77E5BA31CBFBB0A003A7D0C /* UserRegistrationVC.swift */; };
		A7892FA61D9D438800D1B851 /* MessageEditCell.swift in Sources */ = {isa = PBXBuildFile; fileRef = A7892FA51D9D438800D1B851 /* MessageEditCell.swift */; };
		A79FD03A1CCA6F1A001FFEB4 /* Utility.swift in Sources */ = {isa = PBXBuildFile; fileRef = A79FD0391CCA6F1A001FFEB4 /* Utility.swift */; };
		A79FD03C1CCA7F14001FFEB4 /* CreateInvitationTVC.swift in Sources */ = {isa = PBXBuildFile; fileRef = A79FD03B1CCA7F14001FFEB4 /* CreateInvitationTVC.swift */; };
		A7A9CB6B1D9BE4E3007B76DD /* InvitationCell.swift in Sources */ = {isa = PBXBuildFile; fileRef = A7A9CB6A1D9BE4E3007B76DD /* InvitationCell.swift */; };
		A7BE09F21DA3A7CC004DE714 /* MessageList.swift in Sources */ = {isa = PBXBuildFile; fileRef = A7BE09F11DA3A7CC004DE714 /* MessageList.swift */; };
		A7BE09F41DA3A7D7004DE714 /* InvitationList.swift in Sources */ = {isa = PBXBuildFile; fileRef = A7BE09F31DA3A7D7004DE714 /* InvitationList.swift */; };
		A7BE09F81DA3A83D004DE714 /* JoinRequestList.swift in Sources */ = {isa = PBXBuildFile; fileRef = A7BE09F71DA3A83D004DE714 /* JoinRequestList.swift */; };
		A7BE09FC1DA3A92B004DE714 /* QueryJoinRequestList.swift in Sources */ = {isa = PBXBuildFile; fileRef = A7BE09FB1DA3A92B004DE714 /* QueryJoinRequestList.swift */; };
		A7BE09FE1DA3A951004DE714 /* QueryJoinRequestAccept.swift in Sources */ = {isa = PBXBuildFile; fileRef = A7BE09FD1DA3A951004DE714 /* QueryJoinRequestAccept.swift */; };
		A7BE0A001DA3A960004DE714 /* QueryJoinRequestReject.swift in Sources */ = {isa = PBXBuildFile; fileRef = A7BE09FF1DA3A960004DE714 /* QueryJoinRequestReject.swift */; };
		A7BE0A021DA3A9A3004DE714 /* QueryMessageList.swift in Sources */ = {isa = PBXBuildFile; fileRef = A7BE0A011DA3A9A3004DE714 /* QueryMessageList.swift */; };
		A7BE0A061DA3A9F8004DE714 /* QueryInvitationCreate.swift in Sources */ = {isa = PBXBuildFile; fileRef = A7BE0A051DA3A9F8004DE714 /* QueryInvitationCreate.swift */; };
		A7BE0A081DA3AA10004DE714 /* QueryJoinRequestCreate.swift in Sources */ = {isa = PBXBuildFile; fileRef = A7BE0A071DA3AA10004DE714 /* QueryJoinRequestCreate.swift */; };
		A7BE0A0A1DA3AA29004DE714 /* QueryInvitationUpdate.swift in Sources */ = {isa = PBXBuildFile; fileRef = A7BE0A091DA3AA29004DE714 /* QueryInvitationUpdate.swift */; };
		A7BE0A0C1DA3AA4B004DE714 /* QueryInvitationDelete.swift in Sources */ = {isa = PBXBuildFile; fileRef = A7BE0A0B1DA3AA4B004DE714 /* QueryInvitationDelete.swift */; };
		A7BE0A0E1DA3ABBD004DE714 /* QueryInvitationParticipants.swift in Sources */ = {isa = PBXBuildFile; fileRef = A7BE0A0D1DA3ABBD004DE714 /* QueryInvitationParticipants.swift */; };
		A7BE0A101DA3ABE3004DE714 /* QueryInvitationDetail.swift in Sources */ = {isa = PBXBuildFile; fileRef = A7BE0A0F1DA3ABE3004DE714 /* QueryInvitationDetail.swift */; };
		A7BE0A121DA3AF1C004DE714 /* QueryUserLogin.swift in Sources */ = {isa = PBXBuildFile; fileRef = A7BE0A111DA3AF1C004DE714 /* QueryUserLogin.swift */; };
		A7BE0A141DA3AF26004DE714 /* QueryUserLogout.swift in Sources */ = {isa = PBXBuildFile; fileRef = A7BE0A131DA3AF26004DE714 /* QueryUserLogout.swift */; };
		A7BE0A161DA3AF33004DE714 /* QueryUserRegister.swift in Sources */ = {isa = PBXBuildFile; fileRef = A7BE0A151DA3AF33004DE714 /* QueryUserRegister.swift */; };
		A7EC55EB1CCBB2AB00A4056B /* UserInvitationsTVC.swift in Sources */ = {isa = PBXBuildFile; fileRef = A7EC55EA1CCBB2AB00A4056B /* UserInvitationsTVC.swift */; };
		A7EC55ED1CCBBEC300A4056B /* CreateJoinRequestVC.swift in Sources */ = {isa = PBXBuildFile; fileRef = A7EC55EC1CCBBEC300A4056B /* CreateJoinRequestVC.swift */; };
		A7EC55EF1CCBCAE100A4056B /* JoinRequest.swift in Sources */ = {isa = PBXBuildFile; fileRef = A7EC55EE1CCBCAE100A4056B /* JoinRequest.swift */; };
		A7EC55F11CCBE87900A4056B /* JoinRequestTVC.swift in Sources */ = {isa = PBXBuildFile; fileRef = A7EC55F01CCBE87900A4056B /* JoinRequestTVC.swift */; };
		A7FFC7C91DA7EEFE007D8CC0 /* Login.storyboard in Resources */ = {isa = PBXBuildFile; fileRef = A7FFC7C81DA7EEFE007D8CC0 /* Login.storyboard */; };
/* End PBXBuildFile section */

/* Begin PBXFileReference section */
		45A4A44D1DB8D098007F1F70 /* WE Sohrab.app */ = {isa = PBXFileReference; explicitFileType = wrapper.application; includeInIndex = 0; path = "WE Sohrab.app"; sourceTree = BUILT_PRODUCTS_DIR; };
		45A4A44F1DB8D1A1007F1F70 /* WE sohrab.plist */ = {isa = PBXFileReference; fileEncoding = 4; lastKnownFileType = text.plist.xml; path = "WE sohrab.plist"; sourceTree = "<group>"; };
		A71BDA911D9D06F8008D6984 /* QueryMessagePost.swift */ = {isa = PBXFileReference; fileEncoding = 4; lastKnownFileType = sourcecode.swift; path = QueryMessagePost.swift; sourceTree = "<group>"; };
		A71BDA931D9D0A6D008D6984 /* Message.swift */ = {isa = PBXFileReference; fileEncoding = 4; lastKnownFileType = sourcecode.swift; path = Message.swift; sourceTree = "<group>"; };
		A71BDA951D9D288E008D6984 /* InvitationMessageTVC.swift */ = {isa = PBXFileReference; fileEncoding = 4; lastKnownFileType = sourcecode.swift; path = InvitationMessageTVC.swift; sourceTree = "<group>"; };
		A71BDA971D9D2E9D008D6984 /* MessageCell.swift */ = {isa = PBXFileReference; fileEncoding = 4; lastKnownFileType = sourcecode.swift; path = MessageCell.swift; sourceTree = "<group>"; };
		A72681A81DA7F238002703FE /* Invitation.storyboard */ = {isa = PBXFileReference; fileEncoding = 4; lastKnownFileType = file.storyboard; path = Invitation.storyboard; sourceTree = "<group>"; };
		A743D8541CBE801B00D14320 /* Invitation.swift */ = {isa = PBXFileReference; fileEncoding = 4; lastKnownFileType = sourcecode.swift; path = Invitation.swift; sourceTree = "<group>"; };
		A743D8581CBE805A00D14320 /* QueryInvitationList.swift */ = {isa = PBXFileReference; fileEncoding = 4; lastKnownFileType = sourcecode.swift; path = QueryInvitationList.swift; sourceTree = "<group>"; };
		A743D85A1CBE861400D14320 /* InvitationListTVC.swift */ = {isa = PBXFileReference; fileEncoding = 4; lastKnownFileType = sourcecode.swift; path = InvitationListTVC.swift; sourceTree = "<group>"; };
		A743D85C1CBE8BE900D14320 /* InvitationDetailTVC.swift */ = {isa = PBXFileReference; fileEncoding = 4; lastKnownFileType = sourcecode.swift; path = InvitationDetailTVC.swift; sourceTree = "<group>"; };
		A747768A1CBA868D00144226 /* LoginVC.swift */ = {isa = PBXFileReference; fileEncoding = 4; lastKnownFileType = sourcecode.swift; path = LoginVC.swift; sourceTree = "<group>"; };
		A747768D1CBA891900144226 /* User.swift */ = {isa = PBXFileReference; fileEncoding = 4; lastKnownFileType = sourcecode.swift; path = User.swift; sourceTree = "<group>"; };
		A74776911CBA8CAE00144226 /* MainTBC.swift */ = {isa = PBXFileReference; fileEncoding = 4; lastKnownFileType = sourcecode.swift; path = MainTBC.swift; sourceTree = "<group>"; };
		A74776931CBA92E500144226 /* UserProfileTVC.swift */ = {isa = PBXFileReference; fileEncoding = 4; lastKnownFileType = sourcecode.swift; path = UserProfileTVC.swift; sourceTree = "<group>"; };
		A74DA6171CBB86D0008AB1C3 /* Query.swift */ = {isa = PBXFileReference; fileEncoding = 4; lastKnownFileType = sourcecode.swift; path = Query.swift; sourceTree = "<group>"; };
		A74DA6191CBBA670008AB1C3 /* QueryUserDetail.swift */ = {isa = PBXFileReference; fileEncoding = 4; lastKnownFileType = sourcecode.swift; path = QueryUserDetail.swift; sourceTree = "<group>"; };
		A74F5B241C5676A9006C03CC /* WE.app */ = {isa = PBXFileReference; explicitFileType = wrapper.application; includeInIndex = 0; path = WE.app; sourceTree = BUILT_PRODUCTS_DIR; };
		A74F5B271C5676A9006C03CC /* AppDelegate.swift */ = {isa = PBXFileReference; lastKnownFileType = sourcecode.swift; path = AppDelegate.swift; sourceTree = "<group>"; };
		A74F5B2E1C5676A9006C03CC /* Base */ = {isa = PBXFileReference; lastKnownFileType = file.storyboard; name = Base; path = Base.lproj/Main.storyboard; sourceTree = "<group>"; };
		A74F5B301C5676A9006C03CC /* Assets.xcassets */ = {isa = PBXFileReference; lastKnownFileType = folder.assetcatalog; path = Assets.xcassets; sourceTree = "<group>"; };
		A74F5B331C5676A9006C03CC /* Base */ = {isa = PBXFileReference; lastKnownFileType = file.storyboard; name = Base; path = Base.lproj/LaunchScreen.storyboard; sourceTree = "<group>"; };
		A74F5B351C5676A9006C03CC /* Info.plist */ = {isa = PBXFileReference; lastKnownFileType = text.plist.xml; path = Info.plist; sourceTree = "<group>"; };
		A768EE0D1D9BDC9000C17148 /* TableViewStateCell.swift */ = {isa = PBXFileReference; fileEncoding = 4; lastKnownFileType = sourcecode.swift; path = TableViewStateCell.swift; sourceTree = "<group>"; };
		A77E5B9B1CBFA696003A7D0C /* UserTypeSelectionVC.swift */ = {isa = PBXFileReference; fileEncoding = 4; lastKnownFileType = sourcecode.swift; path = UserTypeSelectionVC.swift; sourceTree = "<group>"; };
		A77E5B9F1CBFB87A003A7D0C /* RegistrationNVC.swift */ = {isa = PBXFileReference; fileEncoding = 4; lastKnownFileType = sourcecode.swift; path = RegistrationNVC.swift; sourceTree = "<group>"; };
		A77E5BA11CBFB9BF003A7D0C /* UserPersonalInfoVC.swift */ = {isa = PBXFileReference; fileEncoding = 4; lastKnownFileType = sourcecode.swift; path = UserPersonalInfoVC.swift; sourceTree = "<group>"; };
		A77E5BA31CBFBB0A003A7D0C /* UserRegistrationVC.swift */ = {isa = PBXFileReference; fileEncoding = 4; lastKnownFileType = sourcecode.swift; path = UserRegistrationVC.swift; sourceTree = "<group>"; };
		A7892FA51D9D438800D1B851 /* MessageEditCell.swift */ = {isa = PBXFileReference; fileEncoding = 4; lastKnownFileType = sourcecode.swift; path = MessageEditCell.swift; sourceTree = "<group>"; };
		A79FD0391CCA6F1A001FFEB4 /* Utility.swift */ = {isa = PBXFileReference; fileEncoding = 4; lastKnownFileType = sourcecode.swift; path = Utility.swift; sourceTree = "<group>"; };
		A79FD03B1CCA7F14001FFEB4 /* CreateInvitationTVC.swift */ = {isa = PBXFileReference; fileEncoding = 4; lastKnownFileType = sourcecode.swift; path = CreateInvitationTVC.swift; sourceTree = "<group>"; };
		A7A9CB6A1D9BE4E3007B76DD /* InvitationCell.swift */ = {isa = PBXFileReference; fileEncoding = 4; lastKnownFileType = sourcecode.swift; path = InvitationCell.swift; sourceTree = "<group>"; };
		A7BE09F11DA3A7CC004DE714 /* MessageList.swift */ = {isa = PBXFileReference; fileEncoding = 4; lastKnownFileType = sourcecode.swift; path = MessageList.swift; sourceTree = "<group>"; };
		A7BE09F31DA3A7D7004DE714 /* InvitationList.swift */ = {isa = PBXFileReference; fileEncoding = 4; lastKnownFileType = sourcecode.swift; path = InvitationList.swift; sourceTree = "<group>"; };
		A7BE09F71DA3A83D004DE714 /* JoinRequestList.swift */ = {isa = PBXFileReference; fileEncoding = 4; lastKnownFileType = sourcecode.swift; path = JoinRequestList.swift; sourceTree = "<group>"; };
		A7BE09FB1DA3A92B004DE714 /* QueryJoinRequestList.swift */ = {isa = PBXFileReference; fileEncoding = 4; lastKnownFileType = sourcecode.swift; path = QueryJoinRequestList.swift; sourceTree = "<group>"; };
		A7BE09FD1DA3A951004DE714 /* QueryJoinRequestAccept.swift */ = {isa = PBXFileReference; fileEncoding = 4; lastKnownFileType = sourcecode.swift; path = QueryJoinRequestAccept.swift; sourceTree = "<group>"; };
		A7BE09FF1DA3A960004DE714 /* QueryJoinRequestReject.swift */ = {isa = PBXFileReference; fileEncoding = 4; lastKnownFileType = sourcecode.swift; path = QueryJoinRequestReject.swift; sourceTree = "<group>"; };
		A7BE0A011DA3A9A3004DE714 /* QueryMessageList.swift */ = {isa = PBXFileReference; fileEncoding = 4; lastKnownFileType = sourcecode.swift; path = QueryMessageList.swift; sourceTree = "<group>"; };
		A7BE0A051DA3A9F8004DE714 /* QueryInvitationCreate.swift */ = {isa = PBXFileReference; fileEncoding = 4; lastKnownFileType = sourcecode.swift; path = QueryInvitationCreate.swift; sourceTree = "<group>"; };
		A7BE0A071DA3AA10004DE714 /* QueryJoinRequestCreate.swift */ = {isa = PBXFileReference; fileEncoding = 4; lastKnownFileType = sourcecode.swift; path = QueryJoinRequestCreate.swift; sourceTree = "<group>"; };
		A7BE0A091DA3AA29004DE714 /* QueryInvitationUpdate.swift */ = {isa = PBXFileReference; fileEncoding = 4; lastKnownFileType = sourcecode.swift; path = QueryInvitationUpdate.swift; sourceTree = "<group>"; };
		A7BE0A0B1DA3AA4B004DE714 /* QueryInvitationDelete.swift */ = {isa = PBXFileReference; fileEncoding = 4; lastKnownFileType = sourcecode.swift; path = QueryInvitationDelete.swift; sourceTree = "<group>"; };
		A7BE0A0D1DA3ABBD004DE714 /* QueryInvitationParticipants.swift */ = {isa = PBXFileReference; fileEncoding = 4; lastKnownFileType = sourcecode.swift; path = QueryInvitationParticipants.swift; sourceTree = "<group>"; };
		A7BE0A0F1DA3ABE3004DE714 /* QueryInvitationDetail.swift */ = {isa = PBXFileReference; fileEncoding = 4; lastKnownFileType = sourcecode.swift; path = QueryInvitationDetail.swift; sourceTree = "<group>"; };
		A7BE0A111DA3AF1C004DE714 /* QueryUserLogin.swift */ = {isa = PBXFileReference; fileEncoding = 4; lastKnownFileType = sourcecode.swift; path = QueryUserLogin.swift; sourceTree = "<group>"; };
		A7BE0A131DA3AF26004DE714 /* QueryUserLogout.swift */ = {isa = PBXFileReference; fileEncoding = 4; lastKnownFileType = sourcecode.swift; path = QueryUserLogout.swift; sourceTree = "<group>"; };
		A7BE0A151DA3AF33004DE714 /* QueryUserRegister.swift */ = {isa = PBXFileReference; fileEncoding = 4; lastKnownFileType = sourcecode.swift; path = QueryUserRegister.swift; sourceTree = "<group>"; };
		A7EC55EA1CCBB2AB00A4056B /* UserInvitationsTVC.swift */ = {isa = PBXFileReference; fileEncoding = 4; lastKnownFileType = sourcecode.swift; path = UserInvitationsTVC.swift; sourceTree = "<group>"; };
		A7EC55EC1CCBBEC300A4056B /* CreateJoinRequestVC.swift */ = {isa = PBXFileReference; fileEncoding = 4; lastKnownFileType = sourcecode.swift; path = CreateJoinRequestVC.swift; sourceTree = "<group>"; };
		A7EC55EE1CCBCAE100A4056B /* JoinRequest.swift */ = {isa = PBXFileReference; fileEncoding = 4; lastKnownFileType = sourcecode.swift; path = JoinRequest.swift; sourceTree = "<group>"; };
		A7EC55F01CCBE87900A4056B /* JoinRequestTVC.swift */ = {isa = PBXFileReference; fileEncoding = 4; lastKnownFileType = sourcecode.swift; path = JoinRequestTVC.swift; sourceTree = "<group>"; };
		A7FFC7C81DA7EEFE007D8CC0 /* Login.storyboard */ = {isa = PBXFileReference; fileEncoding = 4; lastKnownFileType = file.storyboard; path = Login.storyboard; sourceTree = "<group>"; };
/* End PBXFileReference section */

/* Begin PBXFrameworksBuildPhase section */
		45A4A4431DB8D098007F1F70 /* Frameworks */ = {
			isa = PBXFrameworksBuildPhase;
			buildActionMask = 2147483647;
			files = (
			);
			runOnlyForDeploymentPostprocessing = 0;
		};
		A74F5B211C5676A9006C03CC /* Frameworks */ = {
			isa = PBXFrameworksBuildPhase;
			buildActionMask = 2147483647;
			files = (
			);
			runOnlyForDeploymentPostprocessing = 0;
		};
/* End PBXFrameworksBuildPhase section */

/* Begin PBXGroup section */
		A747768C1CBA890C00144226 /* Model */ = {
			isa = PBXGroup;
			children = (
				A747768D1CBA891900144226 /* User.swift */,
				A743D8541CBE801B00D14320 /* Invitation.swift */,
				A7BE09F31DA3A7D7004DE714 /* InvitationList.swift */,
				A71BDA931D9D0A6D008D6984 /* Message.swift */,
				A7BE09F11DA3A7CC004DE714 /* MessageList.swift */,
				A7EC55EE1CCBCAE100A4056B /* JoinRequest.swift */,
				A7BE09F71DA3A83D004DE714 /* JoinRequestList.swift */,
			);
			name = Model;
			sourceTree = "<group>";
		};
		A74F5B1B1C5676A9006C03CC = {
			isa = PBXGroup;
			children = (
				45A4A44F1DB8D1A1007F1F70 /* WE sohrab.plist */,
				A74F5B261C5676A9006C03CC /* weApp */,
				A74F5B251C5676A9006C03CC /* Products */,
			);
			sourceTree = "<group>";
		};
		A74F5B251C5676A9006C03CC /* Products */ = {
			isa = PBXGroup;
			children = (
				A74F5B241C5676A9006C03CC /* WE.app */,
				45A4A44D1DB8D098007F1F70 /* WE Sohrab.app */,
			);
			name = Products;
			sourceTree = "<group>";
		};
		A74F5B261C5676A9006C03CC /* weApp */ = {
			isa = PBXGroup;
			children = (
				A77E5B9D1CBFB829003A7D0C /* UI */,
				A747768C1CBA890C00144226 /* Model */,
				A786F2611DA3A2820034708C /* Network */,
				A786F2621DA3A2F80034708C /* Application */,
				A786F2631DA3A31C0034708C /* Resources */,
			);
			path = weApp;
			sourceTree = "<group>";
		};
		A77E5B9D1CBFB829003A7D0C /* UI */ = {
			isa = PBXGroup;
			children = (
				A7BE09F01DA3A5EB004DE714 /* TableViewCell */,
				A77E5B9E1CBFB84F003A7D0C /* Registration */,
				A747768A1CBA868D00144226 /* LoginVC.swift */,
				A74776911CBA8CAE00144226 /* MainTBC.swift */,
				A74776931CBA92E500144226 /* UserProfileTVC.swift */,
				A743D85A1CBE861400D14320 /* InvitationListTVC.swift */,
				A743D85C1CBE8BE900D14320 /* InvitationDetailTVC.swift */,
				A79FD03B1CCA7F14001FFEB4 /* CreateInvitationTVC.swift */,
				A7EC55EA1CCBB2AB00A4056B /* UserInvitationsTVC.swift */,
				A7EC55EC1CCBBEC300A4056B /* CreateJoinRequestVC.swift */,
				A7EC55F01CCBE87900A4056B /* JoinRequestTVC.swift */,
				A71BDA951D9D288E008D6984 /* InvitationMessageTVC.swift */,
			);
			name = UI;
			sourceTree = "<group>";
		};
		A77E5B9E1CBFB84F003A7D0C /* Registration */ = {
			isa = PBXGroup;
			children = (
				A77E5B9B1CBFA696003A7D0C /* UserTypeSelectionVC.swift */,
				A77E5B9F1CBFB87A003A7D0C /* RegistrationNVC.swift */,
				A77E5BA11CBFB9BF003A7D0C /* UserPersonalInfoVC.swift */,
				A77E5BA31CBFBB0A003A7D0C /* UserRegistrationVC.swift */,
			);
			name = Registration;
			sourceTree = "<group>";
		};
		A786F2611DA3A2820034708C /* Network */ = {
			isa = PBXGroup;
			children = (
				A74DA6171CBB86D0008AB1C3 /* Query.swift */,
				A7BE09F51DA3A810004DE714 /* User */,
				A7BE09F61DA3A81B004DE714 /* Invitation */,
				A7BE09F91DA3A84A004DE714 /* Message */,
				A7BE09FA1DA3A850004DE714 /* JoinRequest */,
			);
			name = Network;
			sourceTree = "<group>";
		};
		A786F2621DA3A2F80034708C /* Application */ = {
			isa = PBXGroup;
			children = (
				A74F5B271C5676A9006C03CC /* AppDelegate.swift */,
				A79FD0391CCA6F1A001FFEB4 /* Utility.swift */,
			);
			name = Application;
			sourceTree = "<group>";
		};
		A786F2631DA3A31C0034708C /* Resources */ = {
			isa = PBXGroup;
			children = (
				A74F5B301C5676A9006C03CC /* Assets.xcassets */,
				A74F5B351C5676A9006C03CC /* Info.plist */,
				A74F5B321C5676A9006C03CC /* LaunchScreen.storyboard */,
				A74F5B2D1C5676A9006C03CC /* Main.storyboard */,
				A7FFC7C81DA7EEFE007D8CC0 /* Login.storyboard */,
				A72681A81DA7F238002703FE /* Invitation.storyboard */,
			);
			name = Resources;
			sourceTree = "<group>";
		};
		A7BE09F01DA3A5EB004DE714 /* TableViewCell */ = {
			isa = PBXGroup;
			children = (
				A768EE0D1D9BDC9000C17148 /* TableViewStateCell.swift */,
				A7A9CB6A1D9BE4E3007B76DD /* InvitationCell.swift */,
				A71BDA971D9D2E9D008D6984 /* MessageCell.swift */,
				A7892FA51D9D438800D1B851 /* MessageEditCell.swift */,
			);
			name = TableViewCell;
			sourceTree = "<group>";
		};
		A7BE09F51DA3A810004DE714 /* User */ = {
			isa = PBXGroup;
			children = (
				A74DA6191CBBA670008AB1C3 /* QueryUserDetail.swift */,
				A7BE0A111DA3AF1C004DE714 /* QueryUserLogin.swift */,
				A7BE0A131DA3AF26004DE714 /* QueryUserLogout.swift */,
				A7BE0A151DA3AF33004DE714 /* QueryUserRegister.swift */,
			);
			name = User;
			sourceTree = "<group>";
		};
		A7BE09F61DA3A81B004DE714 /* Invitation */ = {
			isa = PBXGroup;
			children = (
				A743D8581CBE805A00D14320 /* QueryInvitationList.swift */,
				A7BE0A051DA3A9F8004DE714 /* QueryInvitationCreate.swift */,
				A7BE0A091DA3AA29004DE714 /* QueryInvitationUpdate.swift */,
				A7BE0A0B1DA3AA4B004DE714 /* QueryInvitationDelete.swift */,
				A7BE0A0D1DA3ABBD004DE714 /* QueryInvitationParticipants.swift */,
				A7BE0A0F1DA3ABE3004DE714 /* QueryInvitationDetail.swift */,
			);
			name = Invitation;
			sourceTree = "<group>";
		};
		A7BE09F91DA3A84A004DE714 /* Message */ = {
			isa = PBXGroup;
			children = (
				A71BDA911D9D06F8008D6984 /* QueryMessagePost.swift */,
				A7BE0A011DA3A9A3004DE714 /* QueryMessageList.swift */,
			);
			name = Message;
			sourceTree = "<group>";
		};
		A7BE09FA1DA3A850004DE714 /* JoinRequest */ = {
			isa = PBXGroup;
			children = (
				A7BE0A071DA3AA10004DE714 /* QueryJoinRequestCreate.swift */,
				A7BE09FB1DA3A92B004DE714 /* QueryJoinRequestList.swift */,
				A7BE09FD1DA3A951004DE714 /* QueryJoinRequestAccept.swift */,
				A7BE09FF1DA3A960004DE714 /* QueryJoinRequestReject.swift */,
			);
			name = JoinRequest;
			sourceTree = "<group>";
		};
/* End PBXGroup section */

/* Begin PBXNativeTarget section */
		45A4A4151DB8D098007F1F70 /* WE Sohrab */ = {
			isa = PBXNativeTarget;
			buildConfigurationList = 45A4A44A1DB8D098007F1F70 /* Build configuration list for PBXNativeTarget "WE Sohrab" */;
			buildPhases = (
				45A4A4161DB8D098007F1F70 /* Sources */,
				45A4A4431DB8D098007F1F70 /* Frameworks */,
				45A4A4441DB8D098007F1F70 /* Resources */,
			);
			buildRules = (
			);
			dependencies = (
			);
			name = "WE Sohrab";
			productName = "integrationsproject-incubateion";
			productReference = 45A4A44D1DB8D098007F1F70 /* WE Sohrab.app */;
			productType = "com.apple.product-type.application";
		};
		A74F5B231C5676A9006C03CC /* WE */ = {
			isa = PBXNativeTarget;
			buildConfigurationList = A74F5B381C5676A9006C03CC /* Build configuration list for PBXNativeTarget "WE" */;
			buildPhases = (
				A74F5B201C5676A9006C03CC /* Sources */,
				A74F5B211C5676A9006C03CC /* Frameworks */,
				A74F5B221C5676A9006C03CC /* Resources */,
			);
			buildRules = (
			);
			dependencies = (
			);
			name = WE;
			productName = "integrationsproject-incubateion";
			productReference = A74F5B241C5676A9006C03CC /* WE.app */;
			productType = "com.apple.product-type.application";
		};
/* End PBXNativeTarget section */

/* Begin PBXProject section */
		A74F5B1C1C5676A9006C03CC /* Project object */ = {
			isa = PBXProject;
			attributes = {
				LastSwiftUpdateCheck = 0720;
				LastUpgradeCheck = 0720;
				ORGANIZATIONNAME = "Oliver Brehm";
				TargetAttributes = {
					45A4A4151DB8D098007F1F70 = {
						DevelopmentTeam = 2VZS5C3SLW;
					};
					A74F5B231C5676A9006C03CC = {
						CreatedOnToolsVersion = 7.2;
						DevelopmentTeam = CR6FRMMTU7;
						LastSwiftMigration = 0800;
					};
				};
			};
			buildConfigurationList = A74F5B1F1C5676A9006C03CC /* Build configuration list for PBXProject "weApp" */;
			compatibilityVersion = "Xcode 3.2";
			developmentRegion = English;
			hasScannedForEncodings = 0;
			knownRegions = (
				en,
				Base,
			);
			mainGroup = A74F5B1B1C5676A9006C03CC;
			productRefGroup = A74F5B251C5676A9006C03CC /* Products */;
			projectDirPath = "";
			projectRoot = "";
			targets = (
				A74F5B231C5676A9006C03CC /* WE */,
				45A4A4151DB8D098007F1F70 /* WE Sohrab */,
			);
		};
/* End PBXProject section */

/* Begin PBXResourcesBuildPhase section */
		45A4A4441DB8D098007F1F70 /* Resources */ = {
			isa = PBXResourcesBuildPhase;
			buildActionMask = 2147483647;
			files = (
				45A4A4451DB8D098007F1F70 /* LaunchScreen.storyboard in Resources */,
				45A4A4461DB8D098007F1F70 /* Assets.xcassets in Resources */,
				45A4A4471DB8D098007F1F70 /* Login.storyboard in Resources */,
				45A4A4481DB8D098007F1F70 /* Main.storyboard in Resources */,
				45A4A4491DB8D098007F1F70 /* Invitation.storyboard in Resources */,
			);
			runOnlyForDeploymentPostprocessing = 0;
		};
		A74F5B221C5676A9006C03CC /* Resources */ = {
			isa = PBXResourcesBuildPhase;
			buildActionMask = 2147483647;
			files = (
				A74F5B341C5676A9006C03CC /* LaunchScreen.storyboard in Resources */,
				A74F5B311C5676A9006C03CC /* Assets.xcassets in Resources */,
				A7FFC7C91DA7EEFE007D8CC0 /* Login.storyboard in Resources */,
				A74F5B2F1C5676A9006C03CC /* Main.storyboard in Resources */,
				A72681A91DA7F238002703FE /* Invitation.storyboard in Resources */,
				45A4A4501DB8D1A1007F1F70 /* WE sohrab.plist in Resources */,
			);
			runOnlyForDeploymentPostprocessing = 0;
		};
/* End PBXResourcesBuildPhase section */

/* Begin PBXSourcesBuildPhase section */
		45A4A4161DB8D098007F1F70 /* Sources */ = {
			isa = PBXSourcesBuildPhase;
			buildActionMask = 2147483647;
			files = (
				45A4A4171DB8D098007F1F70 /* QueryJoinRequestAccept.swift in Sources */,
				45A4A4181DB8D098007F1F70 /* QueryJoinRequestList.swift in Sources */,
				45A4A4191DB8D098007F1F70 /* Invitation.swift in Sources */,
				45A4A41A1DB8D098007F1F70 /* QueryInvitationParticipants.swift in Sources */,
				45A4A41B1DB8D098007F1F70 /* UserRegistrationVC.swift in Sources */,
				45A4A41C1DB8D098007F1F70 /* JoinRequestTVC.swift in Sources */,
				45A4A41D1DB8D098007F1F70 /* AppDelegate.swift in Sources */,
				45A4A41E1DB8D098007F1F70 /* MessageList.swift in Sources */,
				45A4A41F1DB8D098007F1F70 /* QueryUserDetail.swift in Sources */,
				45A4A4201DB8D098007F1F70 /* QueryInvitationCreate.swift in Sources */,
				45A4A4211DB8D098007F1F70 /* QueryInvitationDetail.swift in Sources */,
				45A4A4221DB8D098007F1F70 /* InvitationList.swift in Sources */,
				45A4A4231DB8D098007F1F70 /* QueryJoinRequestReject.swift in Sources */,
				45A4A4241DB8D098007F1F70 /* QueryInvitationDelete.swift in Sources */,
				45A4A4251DB8D098007F1F70 /* QueryUserLogout.swift in Sources */,
				45A4A4261DB8D098007F1F70 /* InvitationCell.swift in Sources */,
				45A4A4271DB8D098007F1F70 /* TableViewStateCell.swift in Sources */,
				45A4A4281DB8D098007F1F70 /* MessageEditCell.swift in Sources */,
				45A4A4291DB8D098007F1F70 /* Message.swift in Sources */,
				45A4A42A1DB8D098007F1F70 /* RegistrationNVC.swift in Sources */,
				45A4A42B1DB8D098007F1F70 /* JoinRequest.swift in Sources */,
				45A4A42C1DB8D098007F1F70 /* QueryInvitationList.swift in Sources */,
				45A4A42D1DB8D098007F1F70 /* UserPersonalInfoVC.swift in Sources */,
				45A4A42E1DB8D098007F1F70 /* InvitationListTVC.swift in Sources */,
				45A4A42F1DB8D098007F1F70 /* InvitationDetailTVC.swift in Sources */,
				45A4A4301DB8D098007F1F70 /* MainTBC.swift in Sources */,
				45A4A4311DB8D098007F1F70 /* QueryInvitationUpdate.swift in Sources */,
				45A4A4321DB8D098007F1F70 /* QueryMessageList.swift in Sources */,
				45A4A4331DB8D098007F1F70 /* LoginVC.swift in Sources */,
				45A4A4341DB8D098007F1F70 /* InvitationMessageTVC.swift in Sources */,
				45A4A4351DB8D098007F1F70 /* CreateJoinRequestVC.swift in Sources */,
				45A4A4361DB8D098007F1F70 /* UserInvitationsTVC.swift in Sources */,
				45A4A4371DB8D098007F1F70 /* UserTypeSelectionVC.swift in Sources */,
				45A4A4381DB8D098007F1F70 /* QueryUserRegister.swift in Sources */,
				45A4A4391DB8D098007F1F70 /* Utility.swift in Sources */,
				45A4A43A1DB8D098007F1F70 /* User.swift in Sources */,
				45A4A43B1DB8D098007F1F70 /* QueryJoinRequestCreate.swift in Sources */,
				45A4A43C1DB8D098007F1F70 /* QueryMessagePost.swift in Sources */,
				45A4A43D1DB8D098007F1F70 /* CreateInvitationTVC.swift in Sources */,
				45A4A43E1DB8D098007F1F70 /* Query.swift in Sources */,
				45A4A43F1DB8D098007F1F70 /* QueryUserLogin.swift in Sources */,
				45A4A4401DB8D098007F1F70 /* JoinRequestList.swift in Sources */,
				45A4A4411DB8D098007F1F70 /* UserProfileTVC.swift in Sources */,
				45A4A4421DB8D098007F1F70 /* MessageCell.swift in Sources */,
			);
			runOnlyForDeploymentPostprocessing = 0;
		};
		A74F5B201C5676A9006C03CC /* Sources */ = {
			isa = PBXSourcesBuildPhase;
			buildActionMask = 2147483647;
			files = (
				A7BE09FE1DA3A951004DE714 /* QueryJoinRequestAccept.swift in Sources */,
				A7BE09FC1DA3A92B004DE714 /* QueryJoinRequestList.swift in Sources */,
				A743D8551CBE801B00D14320 /* Invitation.swift in Sources */,
				A7BE0A0E1DA3ABBD004DE714 /* QueryInvitationParticipants.swift in Sources */,
				A77E5BA41CBFBB0A003A7D0C /* UserRegistrationVC.swift in Sources */,
				A7EC55F11CCBE87900A4056B /* JoinRequestTVC.swift in Sources */,
				A74F5B281C5676A9006C03CC /* AppDelegate.swift in Sources */,
				A7BE09F21DA3A7CC004DE714 /* MessageList.swift in Sources */,
				A74DA61A1CBBA670008AB1C3 /* QueryUserDetail.swift in Sources */,
				A7BE0A061DA3A9F8004DE714 /* QueryInvitationCreate.swift in Sources */,
				A7BE0A101DA3ABE3004DE714 /* QueryInvitationDetail.swift in Sources */,
				A7BE09F41DA3A7D7004DE714 /* InvitationList.swift in Sources */,
				A7BE0A001DA3A960004DE714 /* QueryJoinRequestReject.swift in Sources */,
				A7BE0A0C1DA3AA4B004DE714 /* QueryInvitationDelete.swift in Sources */,
				A7BE0A141DA3AF26004DE714 /* QueryUserLogout.swift in Sources */,
				A7A9CB6B1D9BE4E3007B76DD /* InvitationCell.swift in Sources */,
				A768EE0E1D9BDC9000C17148 /* TableViewStateCell.swift in Sources */,
				A7892FA61D9D438800D1B851 /* MessageEditCell.swift in Sources */,
				A71BDA941D9D0A6D008D6984 /* Message.swift in Sources */,
				A77E5BA01CBFB87A003A7D0C /* RegistrationNVC.swift in Sources */,
				A7EC55EF1CCBCAE100A4056B /* JoinRequest.swift in Sources */,
				A743D8591CBE805A00D14320 /* QueryInvitationList.swift in Sources */,
				A77E5BA21CBFB9BF003A7D0C /* UserPersonalInfoVC.swift in Sources */,
				A743D85B1CBE861400D14320 /* InvitationListTVC.swift in Sources */,
				A743D85D1CBE8BE900D14320 /* InvitationDetailTVC.swift in Sources */,
				A74776921CBA8CAE00144226 /* MainTBC.swift in Sources */,
				A7BE0A0A1DA3AA29004DE714 /* QueryInvitationUpdate.swift in Sources */,
				A7BE0A021DA3A9A3004DE714 /* QueryMessageList.swift in Sources */,
				A747768B1CBA868D00144226 /* LoginVC.swift in Sources */,
				A71BDA961D9D288E008D6984 /* InvitationMessageTVC.swift in Sources */,
				A7EC55ED1CCBBEC300A4056B /* CreateJoinRequestVC.swift in Sources */,
				A7EC55EB1CCBB2AB00A4056B /* UserInvitationsTVC.swift in Sources */,
				A77E5B9C1CBFA696003A7D0C /* UserTypeSelectionVC.swift in Sources */,
				A7BE0A161DA3AF33004DE714 /* QueryUserRegister.swift in Sources */,
				A79FD03A1CCA6F1A001FFEB4 /* Utility.swift in Sources */,
				A747768E1CBA891900144226 /* User.swift in Sources */,
				A7BE0A081DA3AA10004DE714 /* QueryJoinRequestCreate.swift in Sources */,
				A71BDA921D9D06F8008D6984 /* QueryMessagePost.swift in Sources */,
				A79FD03C1CCA7F14001FFEB4 /* CreateInvitationTVC.swift in Sources */,
				A74DA6181CBB86D0008AB1C3 /* Query.swift in Sources */,
				A7BE0A121DA3AF1C004DE714 /* QueryUserLogin.swift in Sources */,
				A7BE09F81DA3A83D004DE714 /* JoinRequestList.swift in Sources */,
				A74776941CBA92E500144226 /* UserProfileTVC.swift in Sources */,
				A71BDA981D9D2E9D008D6984 /* MessageCell.swift in Sources */,
			);
			runOnlyForDeploymentPostprocessing = 0;
		};
/* End PBXSourcesBuildPhase section */

/* Begin PBXVariantGroup section */
		A74F5B2D1C5676A9006C03CC /* Main.storyboard */ = {
			isa = PBXVariantGroup;
			children = (
				A74F5B2E1C5676A9006C03CC /* Base */,
			);
			name = Main.storyboard;
			sourceTree = "<group>";
		};
		A74F5B321C5676A9006C03CC /* LaunchScreen.storyboard */ = {
			isa = PBXVariantGroup;
			children = (
				A74F5B331C5676A9006C03CC /* Base */,
			);
			name = LaunchScreen.storyboard;
			sourceTree = "<group>";
		};
/* End PBXVariantGroup section */

/* Begin XCBuildConfiguration section */
		45A4A44B1DB8D098007F1F70 /* Debug */ = {
			isa = XCBuildConfiguration;
			buildSettings = {
				ASSETCATALOG_COMPILER_APPICON_NAME = AppIcon;
				DEVELOPMENT_TEAM = 2VZS5C3SLW;
				INFOPLIST_FILE = "WE sohrab.plist";
				LD_RUNPATH_SEARCH_PATHS = "$(inherited) @executable_path/Frameworks";
				PRODUCT_BUNDLE_IDENTIFIER = com.brehm.oliver.weApp;
				PRODUCT_NAME = "$(TARGET_NAME)";
				SWIFT_VERSION = 3.0;
			};
			name = Debug;
		};
		45A4A44C1DB8D098007F1F70 /* Release */ = {
			isa = XCBuildConfiguration;
			buildSettings = {
				ASSETCATALOG_COMPILER_APPICON_NAME = AppIcon;
				DEVELOPMENT_TEAM = 2VZS5C3SLW;
				INFOPLIST_FILE = "WE sohrab.plist";
				LD_RUNPATH_SEARCH_PATHS = "$(inherited) @executable_path/Frameworks";
				PRODUCT_BUNDLE_IDENTIFIER = com.brehm.oliver.weApp;
				PRODUCT_NAME = "$(TARGET_NAME)";
				SWIFT_VERSION = 3.0;
			};
			name = Release;
		};
		A74F5B361C5676A9006C03CC /* Debug */ = {
			isa = XCBuildConfiguration;
			buildSettings = {
				ALWAYS_SEARCH_USER_PATHS = NO;
				CLANG_CXX_LANGUAGE_STANDARD = "gnu++0x";
				CLANG_CXX_LIBRARY = "libc++";
				CLANG_ENABLE_MODULES = YES;
				CLANG_ENABLE_OBJC_ARC = YES;
				CLANG_WARN_BOOL_CONVERSION = YES;
				CLANG_WARN_CONSTANT_CONVERSION = YES;
				CLANG_WARN_DIRECT_OBJC_ISA_USAGE = YES_ERROR;
				CLANG_WARN_EMPTY_BODY = YES;
				CLANG_WARN_ENUM_CONVERSION = YES;
				CLANG_WARN_INT_CONVERSION = YES;
				CLANG_WARN_OBJC_ROOT_CLASS = YES_ERROR;
				CLANG_WARN_UNREACHABLE_CODE = YES;
				CLANG_WARN__DUPLICATE_METHOD_MATCH = YES;
				"CODE_SIGN_IDENTITY[sdk=iphoneos*]" = "iPhone Developer";
				COPY_PHASE_STRIP = NO;
				DEBUG_INFORMATION_FORMAT = dwarf;
				ENABLE_STRICT_OBJC_MSGSEND = YES;
				ENABLE_TESTABILITY = YES;
				GCC_C_LANGUAGE_STANDARD = gnu99;
				GCC_DYNAMIC_NO_PIC = NO;
				GCC_NO_COMMON_BLOCKS = YES;
				GCC_OPTIMIZATION_LEVEL = 0;
				GCC_PREPROCESSOR_DEFINITIONS = (
					"DEBUG=1",
					"$(inherited)",
				);
				GCC_WARN_64_TO_32_BIT_CONVERSION = YES;
				GCC_WARN_ABOUT_RETURN_TYPE = YES_ERROR;
				GCC_WARN_UNDECLARED_SELECTOR = YES;
				GCC_WARN_UNINITIALIZED_AUTOS = YES_AGGRESSIVE;
				GCC_WARN_UNUSED_FUNCTION = YES;
				GCC_WARN_UNUSED_VARIABLE = YES;
				IPHONEOS_DEPLOYMENT_TARGET = 9.2;
				MTL_ENABLE_DEBUG_INFO = YES;
				ONLY_ACTIVE_ARCH = YES;
				SDKROOT = iphoneos;
				SWIFT_OPTIMIZATION_LEVEL = "-Onone";
				TARGETED_DEVICE_FAMILY = "1,2";
			};
			name = Debug;
		};
		A74F5B371C5676A9006C03CC /* Release */ = {
			isa = XCBuildConfiguration;
			buildSettings = {
				ALWAYS_SEARCH_USER_PATHS = NO;
				CLANG_CXX_LANGUAGE_STANDARD = "gnu++0x";
				CLANG_CXX_LIBRARY = "libc++";
				CLANG_ENABLE_MODULES = YES;
				CLANG_ENABLE_OBJC_ARC = YES;
				CLANG_WARN_BOOL_CONVERSION = YES;
				CLANG_WARN_CONSTANT_CONVERSION = YES;
				CLANG_WARN_DIRECT_OBJC_ISA_USAGE = YES_ERROR;
				CLANG_WARN_EMPTY_BODY = YES;
				CLANG_WARN_ENUM_CONVERSION = YES;
				CLANG_WARN_INT_CONVERSION = YES;
				CLANG_WARN_OBJC_ROOT_CLASS = YES_ERROR;
				CLANG_WARN_UNREACHABLE_CODE = YES;
				CLANG_WARN__DUPLICATE_METHOD_MATCH = YES;
				"CODE_SIGN_IDENTITY[sdk=iphoneos*]" = "iPhone Developer";
				COPY_PHASE_STRIP = NO;
				DEBUG_INFORMATION_FORMAT = "dwarf-with-dsym";
				ENABLE_NS_ASSERTIONS = NO;
				ENABLE_STRICT_OBJC_MSGSEND = YES;
				GCC_C_LANGUAGE_STANDARD = gnu99;
				GCC_NO_COMMON_BLOCKS = YES;
				GCC_WARN_64_TO_32_BIT_CONVERSION = YES;
				GCC_WARN_ABOUT_RETURN_TYPE = YES_ERROR;
				GCC_WARN_UNDECLARED_SELECTOR = YES;
				GCC_WARN_UNINITIALIZED_AUTOS = YES_AGGRESSIVE;
				GCC_WARN_UNUSED_FUNCTION = YES;
				GCC_WARN_UNUSED_VARIABLE = YES;
				IPHONEOS_DEPLOYMENT_TARGET = 9.2;
				MTL_ENABLE_DEBUG_INFO = NO;
				SDKROOT = iphoneos;
				TARGETED_DEVICE_FAMILY = "1,2";
				VALIDATE_PRODUCT = YES;
			};
			name = Release;
		};
		A74F5B391C5676A9006C03CC /* Debug */ = {
			isa = XCBuildConfiguration;
			buildSettings = {
				ASSETCATALOG_COMPILER_APPICON_NAME = AppIcon;
				DEVELOPMENT_TEAM = CR6FRMMTU7;
				INFOPLIST_FILE = "$(SRCROOT)/weApp/Info.plist";
				LD_RUNPATH_SEARCH_PATHS = "$(inherited) @executable_path/Frameworks";
				PRODUCT_BUNDLE_IDENTIFIER = com.brehm.oliver.weApp;
				PRODUCT_NAME = "$(TARGET_NAME)";
				SWIFT_VERSION = 3.0;
			};
			name = Debug;
		};
		A74F5B3A1C5676A9006C03CC /* Release */ = {
			isa = XCBuildConfiguration;
			buildSettings = {
				ASSETCATALOG_COMPILER_APPICON_NAME = AppIcon;
				DEVELOPMENT_TEAM = CR6FRMMTU7;
				INFOPLIST_FILE = "$(SRCROOT)/weApp/Info.plist";
				LD_RUNPATH_SEARCH_PATHS = "$(inherited) @executable_path/Frameworks";
				PRODUCT_BUNDLE_IDENTIFIER = com.brehm.oliver.weApp;
				PRODUCT_NAME = "$(TARGET_NAME)";
				SWIFT_VERSION = 3.0;
			};
			name = Release;
		};
/* End XCBuildConfiguration section */

/* Begin XCConfigurationList section */
		45A4A44A1DB8D098007F1F70 /* Build configuration list for PBXNativeTarget "WE Sohrab" */ = {
			isa = XCConfigurationList;
			buildConfigurations = (
				45A4A44B1DB8D098007F1F70 /* Debug */,
				45A4A44C1DB8D098007F1F70 /* Release */,
			);
			defaultConfigurationIsVisible = 0;
			defaultConfigurationName = Release;
		};
		A74F5B1F1C5676A9006C03CC /* Build configuration list for PBXProject "weApp" */ = {
			isa = XCConfigurationList;
			buildConfigurations = (
				A74F5B361C5676A9006C03CC /* Debug */,
				A74F5B371C5676A9006C03CC /* Release */,
			);
			defaultConfigurationIsVisible = 0;
			defaultConfigurationName = Release;
		};
		A74F5B381C5676A9006C03CC /* Build configuration list for PBXNativeTarget "WE" */ = {
			isa = XCConfigurationList;
			buildConfigurations = (
				A74F5B391C5676A9006C03CC /* Debug */,
				A74F5B3A1C5676A9006C03CC /* Release */,
			);
			defaultConfigurationIsVisible = 0;
			defaultConfigurationName = Release;
		};
/* End XCConfigurationList section */
	};
	rootObject = A74F5B1C1C5676A9006C03CC /* Project object */;
}
